
Microsoft Visual Studio Solution File, Format Version 12.00
# Visual Studio 15
VisualStudioVersion = 15.0.26124.0
MinimumVisualStudioVersion = 15.0.26124.0
Project("{FAE04EC0-301F-11D3-BF4B-00C04F79EFBC}") = "Domain", "Domain\Domain.csproj", "{5733CD2C-E092-4C78-9967-9B1D429E2D9D}"
EndProject
Project("{FAE04EC0-301F-11D3-BF4B-00C04F79EFBC}") = "API", "API\API.csproj", "{BD01E210-F888-4F21-81F3-8C5338C15AB5}"
EndProject
Project("{FAE04EC0-301F-11D3-BF4B-00C04F79EFBC}") = "Application", "Application\Application.csproj", "{1CFB66E7-A38A-4E0E-BA84-2F29BAE6CB6D}"
EndProject
Project("{FAE04EC0-301F-11D3-BF4B-00C04F79EFBC}") = "Persistence", "Persistence\Persistence.csproj", "{3EFA9504-92B6-4C87-86CB-59A6ED5F8A90}"
EndProject
Global
	GlobalSection(SolutionConfigurationPlatforms) = preSolution
		Debug|Any CPU = Debug|Any CPU
		Debug|x64 = Debug|x64
		Debug|x86 = Debug|x86
		Release|Any CPU = Release|Any CPU
		Release|x64 = Release|x64
		Release|x86 = Release|x86
	EndGlobalSection
	GlobalSection(SolutionProperties) = preSolution
		HideSolutionNode = FALSE
	EndGlobalSection
	GlobalSection(ProjectConfigurationPlatforms) = postSolution
		{5733CD2C-E092-4C78-9967-9B1D429E2D9D}.Debug|Any CPU.ActiveCfg = Debug|Any CPU
		{5733CD2C-E092-4C78-9967-9B1D429E2D9D}.Debug|Any CPU.Build.0 = Debug|Any CPU
		{5733CD2C-E092-4C78-9967-9B1D429E2D9D}.Debug|x64.ActiveCfg = Debug|Any CPU
		{5733CD2C-E092-4C78-9967-9B1D429E2D9D}.Debug|x64.Build.0 = Debug|Any CPU
		{5733CD2C-E092-4C78-9967-9B1D429E2D9D}.Debug|x86.ActiveCfg = Debug|Any CPU
		{5733CD2C-E092-4C78-9967-9B1D429E2D9D}.Debug|x86.Build.0 = Debug|Any CPU
		{5733CD2C-E092-4C78-9967-9B1D429E2D9D}.Release|Any CPU.ActiveCfg = Release|Any CPU
		{5733CD2C-E092-4C78-9967-9B1D429E2D9D}.Release|Any CPU.Build.0 = Release|Any CPU
		{5733CD2C-E092-4C78-9967-9B1D429E2D9D}.Release|x64.ActiveCfg = Release|Any CPU
		{5733CD2C-E092-4C78-9967-9B1D429E2D9D}.Release|x64.Build.0 = Release|Any CPU
		{5733CD2C-E092-4C78-9967-9B1D429E2D9D}.Release|x86.ActiveCfg = Release|Any CPU
		{5733CD2C-E092-4C78-9967-9B1D429E2D9D}.Release|x86.Build.0 = Release|Any CPU
		{BD01E210-F888-4F21-81F3-8C5338C15AB5}.Debug|Any CPU.ActiveCfg = Debug|Any CPU
		{BD01E210-F888-4F21-81F3-8C5338C15AB5}.Debug|Any CPU.Build.0 = Debug|Any CPU
		{BD01E210-F888-4F21-81F3-8C5338C15AB5}.Debug|x64.ActiveCfg = Debug|Any CPU
		{BD01E210-F888-4F21-81F3-8C5338C15AB5}.Debug|x64.Build.0 = Debug|Any CPU
		{BD01E210-F888-4F21-81F3-8C5338C15AB5}.Debug|x86.ActiveCfg = Debug|Any CPU
		{BD01E210-F888-4F21-81F3-8C5338C15AB5}.Debug|x86.Build.0 = Debug|Any CPU
		{BD01E210-F888-4F21-81F3-8C5338C15AB5}.Release|Any CPU.ActiveCfg = Release|Any CPU
		{BD01E210-F888-4F21-81F3-8C5338C15AB5}.Release|Any CPU.Build.0 = Release|Any CPU
		{BD01E210-F888-4F21-81F3-8C5338C15AB5}.Release|x64.ActiveCfg = Release|Any CPU
		{BD01E210-F888-4F21-81F3-8C5338C15AB5}.Release|x64.Build.0 = Release|Any CPU
		{BD01E210-F888-4F21-81F3-8C5338C15AB5}.Release|x86.ActiveCfg = Release|Any CPU
		{BD01E210-F888-4F21-81F3-8C5338C15AB5}.Release|x86.Build.0 = Release|Any CPU
		{1CFB66E7-A38A-4E0E-BA84-2F29BAE6CB6D}.Debug|Any CPU.ActiveCfg = Debug|Any CPU
		{1CFB66E7-A38A-4E0E-BA84-2F29BAE6CB6D}.Debug|Any CPU.Build.0 = Debug|Any CPU
		{1CFB66E7-A38A-4E0E-BA84-2F29BAE6CB6D}.Debug|x64.ActiveCfg = Debug|Any CPU
		{1CFB66E7-A38A-4E0E-BA84-2F29BAE6CB6D}.Debug|x64.Build.0 = Debug|Any CPU
		{1CFB66E7-A38A-4E0E-BA84-2F29BAE6CB6D}.Debug|x86.ActiveCfg = Debug|Any CPU
		{1CFB66E7-A38A-4E0E-BA84-2F29BAE6CB6D}.Debug|x86.Build.0 = Debug|Any CPU
		{1CFB66E7-A38A-4E0E-BA84-2F29BAE6CB6D}.Release|Any CPU.ActiveCfg = Release|Any CPU
		{1CFB66E7-A38A-4E0E-BA84-2F29BAE6CB6D}.Release|Any CPU.Build.0 = Release|Any CPU
		{1CFB66E7-A38A-4E0E-BA84-2F29BAE6CB6D}.Release|x64.ActiveCfg = Release|Any CPU
		{1CFB66E7-A38A-4E0E-BA84-2F29BAE6CB6D}.Release|x64.Build.0 = Release|Any CPU
		{1CFB66E7-A38A-4E0E-BA84-2F29BAE6CB6D}.Release|x86.ActiveCfg = Release|Any CPU
		{1CFB66E7-A38A-4E0E-BA84-2F29BAE6CB6D}.Release|x86.Build.0 = Release|Any CPU
		{3EFA9504-92B6-4C87-86CB-59A6ED5F8A90}.Debug|Any CPU.ActiveCfg = Debug|Any CPU
		{3EFA9504-92B6-4C87-86CB-59A6ED5F8A90}.Debug|Any CPU.Build.0 = Debug|Any CPU
		{3EFA9504-92B6-4C87-86CB-59A6ED5F8A90}.Debug|x64.ActiveCfg = Debug|Any CPU
		{3EFA9504-92B6-4C87-86CB-59A6ED5F8A90}.Debug|x64.Build.0 = Debug|Any CPU
		{3EFA9504-92B6-4C87-86CB-59A6ED5F8A90}.Debug|x86.ActiveCfg = Debug|Any CPU
		{3EFA9504-92B6-4C87-86CB-59A6ED5F8A90}.Debug|x86.Build.0 = Debug|Any CPU
		{3EFA9504-92B6-4C87-86CB-59A6ED5F8A90}.Release|Any CPU.ActiveCfg = Release|Any CPU
		{3EFA9504-92B6-4C87-86CB-59A6ED5F8A90}.Release|Any CPU.Build.0 = Release|Any CPU
		{3EFA9504-92B6-4C87-86CB-59A6ED5F8A90}.Release|x64.ActiveCfg = Release|Any CPU
		{3EFA9504-92B6-4C87-86CB-59A6ED5F8A90}.Release|x64.Build.0 = Release|Any CPU
		{3EFA9504-92B6-4C87-86CB-59A6ED5F8A90}.Release|x86.ActiveCfg = Release|Any CPU
		{3EFA9504-92B6-4C87-86CB-59A6ED5F8A90}.Release|x86.Build.0 = Release|Any CPU
	EndGlobalSection
EndGlobal
